
Microsoft Visual Studio Solution File, Format Version 12.00
# Visual Studio 14
VisualStudioVersion = 14.0.25123.0
MinimumVisualStudioVersion = 10.0.40219.1
Project("{2150E333-8FDC-42A3-9474-1A3956D46DE8}") = "0 - Presentation", "0 - Presentation", "{DA2CDF70-F63A-4349-8FCF-28CC80D47254}"
EndProject
Project("{2150E333-8FDC-42A3-9474-1A3956D46DE8}") = "2 - Application", "2 - Application", "{4AD92D61-AD91-4DCF-94D1-A0B367750B1B}"
EndProject
Project("{2150E333-8FDC-42A3-9474-1A3956D46DE8}") = "1 - Services", "1 - Services", "{9E85D871-6F25-4BCF-8802-6755F00C188A}"
EndProject
Project("{2150E333-8FDC-42A3-9474-1A3956D46DE8}") = "3 - Domain", "3 - Domain", "{8CA502FD-B28E-4E12-A2D3-7E0252B39215}"
EndProject
Project("{2150E333-8FDC-42A3-9474-1A3956D46DE8}") = "4 - Infra", "4 - Infra", "{D3619A9C-6078-4A56-AEB5-1CF5FC6BF323}"
EndProject
Project("{2150E333-8FDC-42A3-9474-1A3956D46DE8}") = "4.1 - Data", "4.1 - Data", "{41C90B02-806E-43D0-8164-499B10BF7218}"
EndProject
Project("{FAE04EC0-301F-11D3-BF4B-00C04F79EFBC}") = "EC.Domain", "src\EC.Domain\EC.Domain.csproj", "{7788508F-CE1B-4D4C-8D2E-D0E8CFA15616}"
EndProject
Project("{FAE04EC0-301F-11D3-BF4B-00C04F79EFBC}") = "EC.Infra.Data", "src\EC.Infra.Data\EC.Infra.Data.csproj", "{D5B2B17C-8D73-4CCB-8893-43D69F9F6465}"
EndProject
Project("{FAE04EC0-301F-11D3-BF4B-00C04F79EFBC}") = "EC.Application", "src\EC.Application\EC.Application.csproj", "{0B2FF119-B8AB-419F-A4B0-45ADDF16EC20}"
EndProject
Project("{2150E333-8FDC-42A3-9474-1A3956D46DE8}") = "4.2 - CrossCutting", "4.2 - CrossCutting", "{3203507F-4E01-418B-BBD3-09A17E0090D0}"
EndProject
Project("{FAE04EC0-301F-11D3-BF4B-00C04F79EFBC}") = "EC.Infra.CrossCutting.IoC", "src\EC.Infra.CrossCutting.IoC\EC.Infra.CrossCutting.IoC.csproj", "{925D4E96-5719-4311-B1CF-977AFDEEFF2A}"
EndProject
Project("{FAE04EC0-301F-11D3-BF4B-00C04F79EFBC}") = "EC.Domain.Test", "tests\EC.Domain.Test\EC.Domain.Test.csproj", "{632E21B6-6823-4D39-9BF0-015AA6BEFF2E}"
EndProject
Project("{FAE04EC0-301F-11D3-BF4B-00C04F79EFBC}") = "EC.UI.Mvc", "src\EC.UI.Mvc\EC.UI.Mvc\EC.UI.Mvc.csproj", "{2994A937-59EA-4AEF-A2AE-D90F1397B035}"
EndProject
Global
	GlobalSection(SolutionConfigurationPlatforms) = preSolution
		Debug|Any CPU = Debug|Any CPU
		Release|Any CPU = Release|Any CPU
	EndGlobalSection
	GlobalSection(ProjectConfigurationPlatforms) = postSolution
		{7788508F-CE1B-4D4C-8D2E-D0E8CFA15616}.Debug|Any CPU.ActiveCfg = Debug|Any CPU
		{7788508F-CE1B-4D4C-8D2E-D0E8CFA15616}.Debug|Any CPU.Build.0 = Debug|Any CPU
		{7788508F-CE1B-4D4C-8D2E-D0E8CFA15616}.Release|Any CPU.ActiveCfg = Release|Any CPU
		{7788508F-CE1B-4D4C-8D2E-D0E8CFA15616}.Release|Any CPU.Build.0 = Release|Any CPU
		{D5B2B17C-8D73-4CCB-8893-43D69F9F6465}.Debug|Any CPU.ActiveCfg = Debug|Any CPU
		{D5B2B17C-8D73-4CCB-8893-43D69F9F6465}.Debug|Any CPU.Build.0 = Debug|Any CPU
		{D5B2B17C-8D73-4CCB-8893-43D69F9F6465}.Release|Any CPU.ActiveCfg = Release|Any CPU
		{D5B2B17C-8D73-4CCB-8893-43D69F9F6465}.Release|Any CPU.Build.0 = Release|Any CPU
		{0B2FF119-B8AB-419F-A4B0-45ADDF16EC20}.Debug|Any CPU.ActiveCfg = Debug|Any CPU
		{0B2FF119-B8AB-419F-A4B0-45ADDF16EC20}.Debug|Any CPU.Build.0 = Debug|Any CPU
		{0B2FF119-B8AB-419F-A4B0-45ADDF16EC20}.Release|Any CPU.ActiveCfg = Release|Any CPU
		{0B2FF119-B8AB-419F-A4B0-45ADDF16EC20}.Release|Any CPU.Build.0 = Release|Any CPU
		{925D4E96-5719-4311-B1CF-977AFDEEFF2A}.Debug|Any CPU.ActiveCfg = Debug|Any CPU
		{925D4E96-5719-4311-B1CF-977AFDEEFF2A}.Debug|Any CPU.Build.0 = Debug|Any CPU
		{925D4E96-5719-4311-B1CF-977AFDEEFF2A}.Release|Any CPU.ActiveCfg = Release|Any CPU
		{925D4E96-5719-4311-B1CF-977AFDEEFF2A}.Release|Any CPU.Build.0 = Release|Any CPU
		{632E21B6-6823-4D39-9BF0-015AA6BEFF2E}.Debug|Any CPU.ActiveCfg = Debug|Any CPU
		{632E21B6-6823-4D39-9BF0-015AA6BEFF2E}.Debug|Any CPU.Build.0 = Debug|Any CPU
		{632E21B6-6823-4D39-9BF0-015AA6BEFF2E}.Release|Any CPU.ActiveCfg = Release|Any CPU
		{632E21B6-6823-4D39-9BF0-015AA6BEFF2E}.Release|Any CPU.Build.0 = Release|Any CPU
		{2994A937-59EA-4AEF-A2AE-D90F1397B035}.Debug|Any CPU.ActiveCfg = Debug|Any CPU
		{2994A937-59EA-4AEF-A2AE-D90F1397B035}.Debug|Any CPU.Build.0 = Debug|Any CPU
		{2994A937-59EA-4AEF-A2AE-D90F1397B035}.Release|Any CPU.ActiveCfg = Release|Any CPU
		{2994A937-59EA-4AEF-A2AE-D90F1397B035}.Release|Any CPU.Build.0 = Release|Any CPU
	EndGlobalSection
	GlobalSection(SolutionProperties) = preSolution
		HideSolutionNode = FALSE
	EndGlobalSection
	GlobalSection(NestedProjects) = preSolution
		{41C90B02-806E-43D0-8164-499B10BF7218} = {D3619A9C-6078-4A56-AEB5-1CF5FC6BF323}
		{7788508F-CE1B-4D4C-8D2E-D0E8CFA15616} = {8CA502FD-B28E-4E12-A2D3-7E0252B39215}
		{D5B2B17C-8D73-4CCB-8893-43D69F9F6465} = {41C90B02-806E-43D0-8164-499B10BF7218}
		{0B2FF119-B8AB-419F-A4B0-45ADDF16EC20} = {4AD92D61-AD91-4DCF-94D1-A0B367750B1B}
		{3203507F-4E01-418B-BBD3-09A17E0090D0} = {D3619A9C-6078-4A56-AEB5-1CF5FC6BF323}
		{925D4E96-5719-4311-B1CF-977AFDEEFF2A} = {3203507F-4E01-418B-BBD3-09A17E0090D0}
		{632E21B6-6823-4D39-9BF0-015AA6BEFF2E} = {8CA502FD-B28E-4E12-A2D3-7E0252B39215}
		{2994A937-59EA-4AEF-A2AE-D90F1397B035} = {DA2CDF70-F63A-4349-8FCF-28CC80D47254}
	EndGlobalSection
EndGlobal
